
Microsoft Visual Studio Solution File, Format Version 12.00
Project("{FAE04EC0-301F-11D3-BF4B-00C04F79EFBC}") = "TrainTicketMachine.WebApi", "TrainTicketMachine.WebApi\TrainTicketMachine.WebApi.csproj", "{AC162861-3A63-4424-9F07-5FF86AF43C33}"
EndProject
Project("{2150E333-8FDC-42A3-9474-1A3956D46DE8}") = "core", "core", "{734D1750-9127-4796-94FE-69C5EF614989}"
EndProject
Project("{2150E333-8FDC-42A3-9474-1A3956D46DE8}") = "infrastructure", "infrastructure", "{171F0DC6-0099-435F-BCF5-63CCA92B7C78}"
EndProject
Project("{2150E333-8FDC-42A3-9474-1A3956D46DE8}") = "presentation", "presentation", "{A8A4A635-6459-4D3A-8D31-17332E5B8DF6}"
EndProject
Project("{FAE04EC0-301F-11D3-BF4B-00C04F79EFBC}") = "TrainTicketMachine.Application", "TrainTicketMachine.Application\TrainTicketMachine.Application.csproj", "{931D1CFD-F40E-4C15-8D3A-0D7365CAE3C4}"
EndProject
Project("{FAE04EC0-301F-11D3-BF4B-00C04F79EFBC}") = "TrainTicketMachine.Domain", "TrainTicketMachine.Domain\TrainTicketMachine.Domain.csproj", "{9C270D7F-C7B7-4EFB-857C-62F54E797F4D}"
EndProject
Project("{FAE04EC0-301F-11D3-BF4B-00C04F79EFBC}") = "TrainTicketMachine.Data", "TrainTicketMachine.Data\TrainTicketMachine.Data.csproj", "{47A72ADA-3463-4C4D-8310-4947E22A7A9C}"
EndProject
Project("{2150E333-8FDC-42A3-9474-1A3956D46DE8}") = "tests", "tests", "{40D39255-E308-4BD3-8B11-F520A9C9BA06}"
EndProject
Project("{FAE04EC0-301F-11D3-BF4B-00C04F79EFBC}") = "Application.IntegrationTests", "Application.IntegrationTests\Application.IntegrationTests.csproj", "{628031DB-5A28-4761-A332-22362CA19946}"
EndProject
Project("{FAE04EC0-301F-11D3-BF4B-00C04F79EFBC}") = "Application.UnitTests", "Application.UnitTests\Application.UnitTests.csproj", "{CD12163E-4C88-47B5-AE5E-6DF7206A0986}"
EndProject
Global
	GlobalSection(SolutionConfigurationPlatforms) = preSolution
		Debug|Any CPU = Debug|Any CPU
		Release|Any CPU = Release|Any CPU
	EndGlobalSection
	GlobalSection(ProjectConfigurationPlatforms) = postSolution
		{AC162861-3A63-4424-9F07-5FF86AF43C33}.Debug|Any CPU.ActiveCfg = Debug|Any CPU
		{AC162861-3A63-4424-9F07-5FF86AF43C33}.Debug|Any CPU.Build.0 = Debug|Any CPU
		{AC162861-3A63-4424-9F07-5FF86AF43C33}.Release|Any CPU.ActiveCfg = Release|Any CPU
		{AC162861-3A63-4424-9F07-5FF86AF43C33}.Release|Any CPU.Build.0 = Release|Any CPU
		{931D1CFD-F40E-4C15-8D3A-0D7365CAE3C4}.Debug|Any CPU.ActiveCfg = Debug|Any CPU
		{931D1CFD-F40E-4C15-8D3A-0D7365CAE3C4}.Debug|Any CPU.Build.0 = Debug|Any CPU
		{931D1CFD-F40E-4C15-8D3A-0D7365CAE3C4}.Release|Any CPU.ActiveCfg = Release|Any CPU
		{931D1CFD-F40E-4C15-8D3A-0D7365CAE3C4}.Release|Any CPU.Build.0 = Release|Any CPU
		{9C270D7F-C7B7-4EFB-857C-62F54E797F4D}.Debug|Any CPU.ActiveCfg = Debug|Any CPU
		{9C270D7F-C7B7-4EFB-857C-62F54E797F4D}.Debug|Any CPU.Build.0 = Debug|Any CPU
		{9C270D7F-C7B7-4EFB-857C-62F54E797F4D}.Release|Any CPU.ActiveCfg = Release|Any CPU
		{9C270D7F-C7B7-4EFB-857C-62F54E797F4D}.Release|Any CPU.Build.0 = Release|Any CPU
		{47A72ADA-3463-4C4D-8310-4947E22A7A9C}.Debug|Any CPU.ActiveCfg = Debug|Any CPU
		{47A72ADA-3463-4C4D-8310-4947E22A7A9C}.Debug|Any CPU.Build.0 = Debug|Any CPU
		{47A72ADA-3463-4C4D-8310-4947E22A7A9C}.Release|Any CPU.ActiveCfg = Release|Any CPU
		{47A72ADA-3463-4C4D-8310-4947E22A7A9C}.Release|Any CPU.Build.0 = Release|Any CPU
		{628031DB-5A28-4761-A332-22362CA19946}.Debug|Any CPU.ActiveCfg = Debug|Any CPU
		{628031DB-5A28-4761-A332-22362CA19946}.Debug|Any CPU.Build.0 = Debug|Any CPU
		{628031DB-5A28-4761-A332-22362CA19946}.Release|Any CPU.ActiveCfg = Release|Any CPU
		{628031DB-5A28-4761-A332-22362CA19946}.Release|Any CPU.Build.0 = Release|Any CPU
		{CD12163E-4C88-47B5-AE5E-6DF7206A0986}.Debug|Any CPU.ActiveCfg = Debug|Any CPU
		{CD12163E-4C88-47B5-AE5E-6DF7206A0986}.Debug|Any CPU.Build.0 = Debug|Any CPU
		{CD12163E-4C88-47B5-AE5E-6DF7206A0986}.Release|Any CPU.ActiveCfg = Release|Any CPU
		{CD12163E-4C88-47B5-AE5E-6DF7206A0986}.Release|Any CPU.Build.0 = Release|Any CPU
	EndGlobalSection
	GlobalSection(NestedProjects) = preSolution
		{AC162861-3A63-4424-9F07-5FF86AF43C33} = {A8A4A635-6459-4D3A-8D31-17332E5B8DF6}
		{931D1CFD-F40E-4C15-8D3A-0D7365CAE3C4} = {734D1750-9127-4796-94FE-69C5EF614989}
		{9C270D7F-C7B7-4EFB-857C-62F54E797F4D} = {734D1750-9127-4796-94FE-69C5EF614989}
		{47A72ADA-3463-4C4D-8310-4947E22A7A9C} = {171F0DC6-0099-435F-BCF5-63CCA92B7C78}
		{628031DB-5A28-4761-A332-22362CA19946} = {40D39255-E308-4BD3-8B11-F520A9C9BA06}
		{CD12163E-4C88-47B5-AE5E-6DF7206A0986} = {40D39255-E308-4BD3-8B11-F520A9C9BA06}
	EndGlobalSection
EndGlobal
