
Microsoft Visual Studio Solution File, Format Version 12.00
Project("{FAE04EC0-301F-11D3-BF4B-00C04F79EFBC}") = "TrainTicketMachine.WebApi", "TrainTicketMachine.WebApi\TrainTicketMachine.WebApi.csproj", "{AC162861-3A63-4424-9F07-5FF86AF43C33}"
EndProject
Global
	GlobalSection(SolutionConfigurationPlatforms) = preSolution
		Debug|Any CPU = Debug|Any CPU
		Release|Any CPU = Release|Any CPU
	EndGlobalSection
	GlobalSection(ProjectConfigurationPlatforms) = postSolution
		{AC162861-3A63-4424-9F07-5FF86AF43C33}.Debug|Any CPU.ActiveCfg = Debug|Any CPU
		{AC162861-3A63-4424-9F07-5FF86AF43C33}.Debug|Any CPU.Build.0 = Debug|Any CPU
		{AC162861-3A63-4424-9F07-5FF86AF43C33}.Release|Any CPU.ActiveCfg = Release|Any CPU
		{AC162861-3A63-4424-9F07-5FF86AF43C33}.Release|Any CPU.Build.0 = Release|Any CPU
	EndGlobalSection
EndGlobal
